// !$*UTF8*$!
{
	archiveVersion = 1;
	classes = {
	};
	objectVersion = 52;
	objects = {

/* Begin PBXBuildFile section */
		16020A6F2694785900C68A76 /* SwiftUIX in Frameworks */ = {isa = PBXBuildFile; productRef = 16020A6E2694785900C68A76 /* SwiftUIX */; };
		1621EDE226947712008F5BC4 /* TaskCard.swift in Sources */ = {isa = PBXBuildFile; fileRef = 1621EDE126947712008F5BC4 /* TaskCard.swift */; };
		163F993026932C16009080D6 /* Alpha_0_2_SelfoldApp.swift in Sources */ = {isa = PBXBuildFile; fileRef = 163F992F26932C16009080D6 /* Alpha_0_2_SelfoldApp.swift */; };
		163F993226932C16009080D6 /* ContentView.swift in Sources */ = {isa = PBXBuildFile; fileRef = 163F993126932C16009080D6 /* ContentView.swift */; };
		163F993426932C17009080D6 /* Assets.xcassets in Resources */ = {isa = PBXBuildFile; fileRef = 163F993326932C17009080D6 /* Assets.xcassets */; };
		163F993726932C17009080D6 /* Preview Assets.xcassets in Resources */ = {isa = PBXBuildFile; fileRef = 163F993626932C17009080D6 /* Preview Assets.xcassets */; };
		163F993926932C17009080D6 /* Persistence.swift in Sources */ = {isa = PBXBuildFile; fileRef = 163F993826932C17009080D6 /* Persistence.swift */; };
		163F993C26932C17009080D6 /* Alpha_0_2_Selfold.xcdatamodeld in Sources */ = {isa = PBXBuildFile; fileRef = 163F993A26932C17009080D6 /* Alpha_0_2_Selfold.xcdatamodeld */; };
		1668116A26957221003C685C /* newTaskView.swift in Sources */ = {isa = PBXBuildFile; fileRef = 1668116926957221003C685C /* newTaskView.swift */; };
		1668116D269578B6003C685C /* Task+CoreDataClass.swift in Sources */ = {isa = PBXBuildFile; fileRef = 1668116B269578B6003C685C /* Task+CoreDataClass.swift */; };
		1668116E269578B6003C685C /* Task+CoreDataProperties.swift in Sources */ = {isa = PBXBuildFile; fileRef = 1668116C269578B6003C685C /* Task+CoreDataProperties.swift */; };
		166811722695A2D3003C685C /* CardsList.swift in Sources */ = {isa = PBXBuildFile; fileRef = 166811712695A2D3003C685C /* CardsList.swift */; };
		166811742695D5E3003C685C /* WhatsNextView.swift in Sources */ = {isa = PBXBuildFile; fileRef = 166811732695D5E3003C685C /* WhatsNextView.swift */; };
/* End PBXBuildFile section */

/* Begin PBXFileReference section */
		1621EDE126947712008F5BC4 /* TaskCard.swift */ = {isa = PBXFileReference; lastKnownFileType = sourcecode.swift; path = TaskCard.swift; sourceTree = "<group>"; };
		163F992C26932C16009080D6 /* Alpha_0.2_Selfold.app */ = {isa = PBXFileReference; explicitFileType = wrapper.application; includeInIndex = 0; path = Alpha_0.2_Selfold.app; sourceTree = BUILT_PRODUCTS_DIR; };
		163F992F26932C16009080D6 /* Alpha_0_2_SelfoldApp.swift */ = {isa = PBXFileReference; lastKnownFileType = sourcecode.swift; path = Alpha_0_2_SelfoldApp.swift; sourceTree = "<group>"; };
		163F993126932C16009080D6 /* ContentView.swift */ = {isa = PBXFileReference; lastKnownFileType = sourcecode.swift; path = ContentView.swift; sourceTree = "<group>"; };
		163F993326932C17009080D6 /* Assets.xcassets */ = {isa = PBXFileReference; lastKnownFileType = folder.assetcatalog; path = Assets.xcassets; sourceTree = "<group>"; };
		163F993626932C17009080D6 /* Preview Assets.xcassets */ = {isa = PBXFileReference; lastKnownFileType = folder.assetcatalog; path = "Preview Assets.xcassets"; sourceTree = "<group>"; };
		163F993826932C17009080D6 /* Persistence.swift */ = {isa = PBXFileReference; lastKnownFileType = sourcecode.swift; path = Persistence.swift; sourceTree = "<group>"; };
		163F993B26932C17009080D6 /* Alpha_0_2_Selfold.xcdatamodel */ = {isa = PBXFileReference; lastKnownFileType = wrapper.xcdatamodel; path = Alpha_0_2_Selfold.xcdatamodel; sourceTree = "<group>"; };
		163F993D26932C17009080D6 /* Info.plist */ = {isa = PBXFileReference; lastKnownFileType = text.plist.xml; path = Info.plist; sourceTree = "<group>"; };
		1668116926957221003C685C /* newTaskView.swift */ = {isa = PBXFileReference; lastKnownFileType = sourcecode.swift; path = newTaskView.swift; sourceTree = "<group>"; };
		1668116B269578B6003C685C /* Task+CoreDataClass.swift */ = {isa = PBXFileReference; lastKnownFileType = sourcecode.swift; path = "Task+CoreDataClass.swift"; sourceTree = "<group>"; };
		1668116C269578B6003C685C /* Task+CoreDataProperties.swift */ = {isa = PBXFileReference; lastKnownFileType = sourcecode.swift; name = "Task+CoreDataProperties.swift"; path = "../Task+CoreDataProperties.swift"; sourceTree = "<group>"; };
		166811712695A2D3003C685C /* CardsList.swift */ = {isa = PBXFileReference; lastKnownFileType = sourcecode.swift; path = CardsList.swift; sourceTree = "<group>"; };
		166811732695D5E3003C685C /* WhatsNextView.swift */ = {isa = PBXFileReference; lastKnownFileType = sourcecode.swift; path = WhatsNextView.swift; sourceTree = "<group>"; };
/* End PBXFileReference section */

/* Begin PBXFrameworksBuildPhase section */
		163F992926932C16009080D6 /* Frameworks */ = {
			isa = PBXFrameworksBuildPhase;
			buildActionMask = 2147483647;
			files = (
				16020A6F2694785900C68A76 /* SwiftUIX in Frameworks */,
			);
			runOnlyForDeploymentPostprocessing = 0;
		};
/* End PBXFrameworksBuildPhase section */

/* Begin PBXGroup section */
		163F992326932C16009080D6 = {
			isa = PBXGroup;
			children = (
				163F992E26932C16009080D6 /* Alpha_0.2_Selfold */,
				163F992D26932C16009080D6 /* Products */,
			);
			sourceTree = "<group>";
		};
		163F992D26932C16009080D6 /* Products */ = {
			isa = PBXGroup;
			children = (
				163F992C26932C16009080D6 /* Alpha_0.2_Selfold.app */,
			);
			name = Products;
			sourceTree = "<group>";
		};
		163F992E26932C16009080D6 /* Alpha_0.2_Selfold */ = {
			isa = PBXGroup;
			children = (
				166811752695D666003C685C /* Views */,
				163F994726932D06009080D6 /* TaskItem */,
				163F992F26932C16009080D6 /* Alpha_0_2_SelfoldApp.swift */,
				163F993326932C17009080D6 /* Assets.xcassets */,
				163F993826932C17009080D6 /* Persistence.swift */,
				163F993D26932C17009080D6 /* Info.plist */,
				163F993A26932C17009080D6 /* Alpha_0_2_Selfold.xcdatamodeld */,
				163F993526932C17009080D6 /* Preview Content */,
			);
			path = Alpha_0.2_Selfold;
			sourceTree = "<group>";
		};
		163F993526932C17009080D6 /* Preview Content */ = {
			isa = PBXGroup;
			children = (
				163F993626932C17009080D6 /* Preview Assets.xcassets */,
			);
			path = "Preview Content";
			sourceTree = "<group>";
		};
		163F994726932D06009080D6 /* TaskItem */ = {
			isa = PBXGroup;
			children = (
				1668116B269578B6003C685C /* Task+CoreDataClass.swift */,
				1668116C269578B6003C685C /* Task+CoreDataProperties.swift */,
			);
			path = TaskItem;
			sourceTree = "<group>";
		};
		166811752695D666003C685C /* Views */ = {
			isa = PBXGroup;
			children = (
				166811732695D5E3003C685C /* WhatsNextView.swift */,
				163F993126932C16009080D6 /* ContentView.swift */,
				1668116926957221003C685C /* newTaskView.swift */,
				166811712695A2D3003C685C /* CardsList.swift */,
				1621EDE126947712008F5BC4 /* TaskCard.swift */,
			);
			path = Views;
			sourceTree = "<group>";
		};
/* End PBXGroup section */

/* Begin PBXNativeTarget section */
		163F992B26932C16009080D6 /* Alpha_0.2_Selfold */ = {
			isa = PBXNativeTarget;
			buildConfigurationList = 163F994026932C17009080D6 /* Build configuration list for PBXNativeTarget "Alpha_0.2_Selfold" */;
			buildPhases = (
				163F992826932C16009080D6 /* Sources */,
				163F992926932C16009080D6 /* Frameworks */,
				163F992A26932C16009080D6 /* Resources */,
			);
			buildRules = (
			);
			dependencies = (
			);
			name = Alpha_0.2_Selfold;
			packageProductDependencies = (
				16020A6E2694785900C68A76 /* SwiftUIX */,
			);
			productName = Alpha_0.2_Selfold;
			productReference = 163F992C26932C16009080D6 /* Alpha_0.2_Selfold.app */;
			productType = "com.apple.product-type.application";
		};
/* End PBXNativeTarget section */

/* Begin PBXProject section */
		163F992426932C16009080D6 /* Project object */ = {
			isa = PBXProject;
			attributes = {
				LastSwiftUpdateCheck = 1250;
				LastUpgradeCheck = 1250;
				TargetAttributes = {
					163F992B26932C16009080D6 = {
						CreatedOnToolsVersion = 12.5.1;
					};
				};
			};
			buildConfigurationList = 163F992726932C16009080D6 /* Build configuration list for PBXProject "Alpha_0.2_Selfold" */;
			compatibilityVersion = "Xcode 9.3";
			developmentRegion = en;
			hasScannedForEncodings = 0;
			knownRegions = (
				en,
				Base,
			);
			mainGroup = 163F992326932C16009080D6;
			packageReferences = (
				16020A6D2694785900C68A76 /* XCRemoteSwiftPackageReference "SwiftUIX" */,
			);
			productRefGroup = 163F992D26932C16009080D6 /* Products */;
			projectDirPath = "";
			projectRoot = "";
			targets = (
				163F992B26932C16009080D6 /* Alpha_0.2_Selfold */,
			);
		};
/* End PBXProject section */

/* Begin PBXResourcesBuildPhase section */
		163F992A26932C16009080D6 /* Resources */ = {
			isa = PBXResourcesBuildPhase;
			buildActionMask = 2147483647;
			files = (
				163F993726932C17009080D6 /* Preview Assets.xcassets in Resources */,
				163F993426932C17009080D6 /* Assets.xcassets in Resources */,
			);
			runOnlyForDeploymentPostprocessing = 0;
		};
/* End PBXResourcesBuildPhase section */

/* Begin PBXSourcesBuildPhase section */
		163F992826932C16009080D6 /* Sources */ = {
			isa = PBXSourcesBuildPhase;
			buildActionMask = 2147483647;
			files = (
				1621EDE226947712008F5BC4 /* TaskCard.swift in Sources */,
				1668116D269578B6003C685C /* Task+CoreDataClass.swift in Sources */,
				163F993C26932C17009080D6 /* Alpha_0_2_Selfold.xcdatamodeld in Sources */,
				163F993926932C17009080D6 /* Persistence.swift in Sources */,
				1668116A26957221003C685C /* newTaskView.swift in Sources */,
				163F993226932C16009080D6 /* ContentView.swift in Sources */,
				1668116E269578B6003C685C /* Task+CoreDataProperties.swift in Sources */,
				163F993026932C16009080D6 /* Alpha_0_2_SelfoldApp.swift in Sources */,
				166811722695A2D3003C685C /* CardsList.swift in Sources */,
				166811742695D5E3003C685C /* WhatsNextView.swift in Sources */,
			);
			runOnlyForDeploymentPostprocessing = 0;
		};
/* End PBXSourcesBuildPhase section */

/* Begin XCBuildConfiguration section */
		163F993E26932C17009080D6 /* Debug */ = {
			isa = XCBuildConfiguration;
			buildSettings = {
				ALWAYS_SEARCH_USER_PATHS = NO;
				CLANG_ANALYZER_NONNULL = YES;
				CLANG_ANALYZER_NUMBER_OBJECT_CONVERSION = YES_AGGRESSIVE;
				CLANG_CXX_LANGUAGE_STANDARD = "gnu++14";
				CLANG_CXX_LIBRARY = "libc++";
				CLANG_ENABLE_MODULES = YES;
				CLANG_ENABLE_OBJC_ARC = YES;
				CLANG_ENABLE_OBJC_WEAK = YES;
				CLANG_WARN_BLOCK_CAPTURE_AUTORELEASING = YES;
				CLANG_WARN_BOOL_CONVERSION = YES;
				CLANG_WARN_COMMA = YES;
				CLANG_WARN_CONSTANT_CONVERSION = YES;
				CLANG_WARN_DEPRECATED_OBJC_IMPLEMENTATIONS = YES;
				CLANG_WARN_DIRECT_OBJC_ISA_USAGE = YES_ERROR;
				CLANG_WARN_DOCUMENTATION_COMMENTS = YES;
				CLANG_WARN_EMPTY_BODY = YES;
				CLANG_WARN_ENUM_CONVERSION = YES;
				CLANG_WARN_INFINITE_RECURSION = YES;
				CLANG_WARN_INT_CONVERSION = YES;
				CLANG_WARN_NON_LITERAL_NULL_CONVERSION = YES;
				CLANG_WARN_OBJC_IMPLICIT_RETAIN_SELF = YES;
				CLANG_WARN_OBJC_LITERAL_CONVERSION = YES;
				CLANG_WARN_OBJC_ROOT_CLASS = YES_ERROR;
				CLANG_WARN_QUOTED_INCLUDE_IN_FRAMEWORK_HEADER = YES;
				CLANG_WARN_RANGE_LOOP_ANALYSIS = YES;
				CLANG_WARN_STRICT_PROTOTYPES = YES;
				CLANG_WARN_SUSPICIOUS_MOVE = YES;
				CLANG_WARN_UNGUARDED_AVAILABILITY = YES_AGGRESSIVE;
				CLANG_WARN_UNREACHABLE_CODE = YES;
				CLANG_WARN__DUPLICATE_METHOD_MATCH = YES;
				COPY_PHASE_STRIP = NO;
				DEBUG_INFORMATION_FORMAT = dwarf;
				ENABLE_STRICT_OBJC_MSGSEND = YES;
				ENABLE_TESTABILITY = YES;
				GCC_C_LANGUAGE_STANDARD = gnu11;
				GCC_DYNAMIC_NO_PIC = NO;
				GCC_NO_COMMON_BLOCKS = YES;
				GCC_OPTIMIZATION_LEVEL = 0;
				GCC_PREPROCESSOR_DEFINITIONS = (
					"DEBUG=1",
					"$(inherited)",
				);
				GCC_WARN_64_TO_32_BIT_CONVERSION = YES;
				GCC_WARN_ABOUT_RETURN_TYPE = YES_ERROR;
				GCC_WARN_UNDECLARED_SELECTOR = YES;
				GCC_WARN_UNINITIALIZED_AUTOS = YES_AGGRESSIVE;
				GCC_WARN_UNUSED_FUNCTION = YES;
				GCC_WARN_UNUSED_VARIABLE = YES;
				IPHONEOS_DEPLOYMENT_TARGET = 14.5;
				MTL_ENABLE_DEBUG_INFO = INCLUDE_SOURCE;
				MTL_FAST_MATH = YES;
				ONLY_ACTIVE_ARCH = YES;
				SDKROOT = iphoneos;
				SWIFT_ACTIVE_COMPILATION_CONDITIONS = DEBUG;
				SWIFT_OPTIMIZATION_LEVEL = "-Onone";
			};
			name = Debug;
		};
		163F993F26932C17009080D6 /* Release */ = {
			isa = XCBuildConfiguration;
			buildSettings = {
				ALWAYS_SEARCH_USER_PATHS = NO;
				CLANG_ANALYZER_NONNULL = YES;
				CLANG_ANALYZER_NUMBER_OBJECT_CONVERSION = YES_AGGRESSIVE;
				CLANG_CXX_LANGUAGE_STANDARD = "gnu++14";
				CLANG_CXX_LIBRARY = "libc++";
				CLANG_ENABLE_MODULES = YES;
				CLANG_ENABLE_OBJC_ARC = YES;
				CLANG_ENABLE_OBJC_WEAK = YES;
				CLANG_WARN_BLOCK_CAPTURE_AUTORELEASING = YES;
				CLANG_WARN_BOOL_CONVERSION = YES;
				CLANG_WARN_COMMA = YES;
				CLANG_WARN_CONSTANT_CONVERSION = YES;
				CLANG_WARN_DEPRECATED_OBJC_IMPLEMENTATIONS = YES;
				CLANG_WARN_DIRECT_OBJC_ISA_USAGE = YES_ERROR;
				CLANG_WARN_DOCUMENTATION_COMMENTS = YES;
				CLANG_WARN_EMPTY_BODY = YES;
				CLANG_WARN_ENUM_CONVERSION = YES;
				CLANG_WARN_INFINITE_RECURSION = YES;
				CLANG_WARN_INT_CONVERSION = YES;
				CLANG_WARN_NON_LITERAL_NULL_CONVERSION = YES;
				CLANG_WARN_OBJC_IMPLICIT_RETAIN_SELF = YES;
				CLANG_WARN_OBJC_LITERAL_CONVERSION = YES;
				CLANG_WARN_OBJC_ROOT_CLASS = YES_ERROR;
				CLANG_WARN_QUOTED_INCLUDE_IN_FRAMEWORK_HEADER = YES;
				CLANG_WARN_RANGE_LOOP_ANALYSIS = YES;
				CLANG_WARN_STRICT_PROTOTYPES = YES;
				CLANG_WARN_SUSPICIOUS_MOVE = YES;
				CLANG_WARN_UNGUARDED_AVAILABILITY = YES_AGGRESSIVE;
				CLANG_WARN_UNREACHABLE_CODE = YES;
				CLANG_WARN__DUPLICATE_METHOD_MATCH = YES;
				COPY_PHASE_STRIP = NO;
				DEBUG_INFORMATION_FORMAT = "dwarf-with-dsym";
				ENABLE_NS_ASSERTIONS = NO;
				ENABLE_STRICT_OBJC_MSGSEND = YES;
				GCC_C_LANGUAGE_STANDARD = gnu11;
				GCC_NO_COMMON_BLOCKS = YES;
				GCC_WARN_64_TO_32_BIT_CONVERSION = YES;
				GCC_WARN_ABOUT_RETURN_TYPE = YES_ERROR;
				GCC_WARN_UNDECLARED_SELECTOR = YES;
				GCC_WARN_UNINITIALIZED_AUTOS = YES_AGGRESSIVE;
				GCC_WARN_UNUSED_FUNCTION = YES;
				GCC_WARN_UNUSED_VARIABLE = YES;
				IPHONEOS_DEPLOYMENT_TARGET = 14.5;
				MTL_ENABLE_DEBUG_INFO = NO;
				MTL_FAST_MATH = YES;
				SDKROOT = iphoneos;
				SWIFT_COMPILATION_MODE = wholemodule;
				SWIFT_OPTIMIZATION_LEVEL = "-O";
				VALIDATE_PRODUCT = YES;
			};
			name = Release;
		};
		163F994126932C17009080D6 /* Debug */ = {
			isa = XCBuildConfiguration;
			buildSettings = {
				ASSETCATALOG_COMPILER_APPICON_NAME = AppIcon;
				ASSETCATALOG_COMPILER_GLOBAL_ACCENT_COLOR_NAME = AccentColor;
				CODE_SIGN_STYLE = Automatic;
				DEVELOPMENT_ASSET_PATHS = "\"Alpha_0.2_Selfold/Preview Content\"";
				ENABLE_PREVIEWS = YES;
				INFOPLIST_FILE = Alpha_0.2_Selfold/Info.plist;
				IPHONEOS_DEPLOYMENT_TARGET = 14.0;
				LD_RUNPATH_SEARCH_PATHS = (
					"$(inherited)",
					"@executable_path/Frameworks",
				);
				PRODUCT_BUNDLE_IDENTIFIER = "com.cristicretu.Alpha-0-2-Selfold";
				PRODUCT_NAME = "$(TARGET_NAME)";
				SWIFT_VERSION = 5.0;
				TARGETED_DEVICE_FAMILY = "1,2";
			};
			name = Debug;
		};
		163F994226932C17009080D6 /* Release */ = {
			isa = XCBuildConfiguration;
			buildSettings = {
				ASSETCATALOG_COMPILER_APPICON_NAME = AppIcon;
				ASSETCATALOG_COMPILER_GLOBAL_ACCENT_COLOR_NAME = AccentColor;
				CODE_SIGN_STYLE = Automatic;
				DEVELOPMENT_ASSET_PATHS = "\"Alpha_0.2_Selfold/Preview Content\"";
				ENABLE_PREVIEWS = YES;
				INFOPLIST_FILE = Alpha_0.2_Selfold/Info.plist;
				IPHONEOS_DEPLOYMENT_TARGET = 14.0;
				LD_RUNPATH_SEARCH_PATHS = (
					"$(inherited)",
					"@executable_path/Frameworks",
				);
				PRODUCT_BUNDLE_IDENTIFIER = "com.cristicretu.Alpha-0-2-Selfold";
				PRODUCT_NAME = "$(TARGET_NAME)";
				SWIFT_VERSION = 5.0;
				TARGETED_DEVICE_FAMILY = "1,2";
			};
			name = Release;
		};
/* End XCBuildConfiguration section */

/* Begin XCConfigurationList section */
		163F992726932C16009080D6 /* Build configuration list for PBXProject "Alpha_0.2_Selfold" */ = {
			isa = XCConfigurationList;
			buildConfigurations = (
				163F993E26932C17009080D6 /* Debug */,
				163F993F26932C17009080D6 /* Release */,
			);
			defaultConfigurationIsVisible = 0;
			defaultConfigurationName = Release;
		};
		163F994026932C17009080D6 /* Build configuration list for PBXNativeTarget "Alpha_0.2_Selfold" */ = {
			isa = XCConfigurationList;
			buildConfigurations = (
				163F994126932C17009080D6 /* Debug */,
				163F994226932C17009080D6 /* Release */,
			);
			defaultConfigurationIsVisible = 0;
			defaultConfigurationName = Release;
		};
/* End XCConfigurationList section */

/* Begin XCRemoteSwiftPackageReference section */
		16020A6D2694785900C68A76 /* XCRemoteSwiftPackageReference "SwiftUIX" */ = {
			isa = XCRemoteSwiftPackageReference;
			repositoryURL = "https://github.com/SwiftUIX/SwiftUIX.git";
			requirement = {
				branch = master;
				kind = branch;
			};
		};
/* End XCRemoteSwiftPackageReference section */

/* Begin XCSwiftPackageProductDependency section */
		16020A6E2694785900C68A76 /* SwiftUIX */ = {
			isa = XCSwiftPackageProductDependency;
			package = 16020A6D2694785900C68A76 /* XCRemoteSwiftPackageReference "SwiftUIX" */;
			productName = SwiftUIX;
		};
/* End XCSwiftPackageProductDependency section */

/* Begin XCVersionGroup section */
		163F993A26932C17009080D6 /* Alpha_0_2_Selfold.xcdatamodeld */ = {
			isa = XCVersionGroup;
			children = (
				163F993B26932C17009080D6 /* Alpha_0_2_Selfold.xcdatamodel */,
			);
			currentVersion = 163F993B26932C17009080D6 /* Alpha_0_2_Selfold.xcdatamodel */;
			path = Alpha_0_2_Selfold.xcdatamodeld;
			sourceTree = "<group>";
			versionGroupType = wrapper.xcdatamodel;
		};
/* End XCVersionGroup section */
	};
	rootObject = 163F992426932C16009080D6 /* Project object */;
}
